
Microsoft Visual Studio Solution File, Format Version 12.00
# Visual Studio 15
VisualStudioVersion = 15.0.28010.2019
MinimumVisualStudioVersion = 10.0.40219.1
Project("{9A19103F-16F7-4668-BE54-9A1E7A4F7556}") = "exe1", "exe1\exe1.csproj", "{44419885-140B-4F14-A322-FA6A1899EDE0}"
EndProject
Project("{FAE04EC0-301F-11D3-BF4B-00C04F79EFBC}") = "WindowsFormsApp1", "WindowsFormsApp1\WindowsFormsApp1.csproj", "{B69FA5A1-108F-45A0-9A6E-B7ABD055B781}"
EndProject
Global
	GlobalSection(SolutionConfigurationPlatforms) = preSolution
		Debug|Any CPU = Debug|Any CPU
		Release|Any CPU = Release|Any CPU
	EndGlobalSection
	GlobalSection(ProjectConfigurationPlatforms) = postSolution
		{44419885-140B-4F14-A322-FA6A1899EDE0}.Debug|Any CPU.ActiveCfg = Debug|Any CPU
		{44419885-140B-4F14-A322-FA6A1899EDE0}.Debug|Any CPU.Build.0 = Debug|Any CPU
		{44419885-140B-4F14-A322-FA6A1899EDE0}.Release|Any CPU.ActiveCfg = Release|Any CPU
		{44419885-140B-4F14-A322-FA6A1899EDE0}.Release|Any CPU.Build.0 = Release|Any CPU
		{B69FA5A1-108F-45A0-9A6E-B7ABD055B781}.Debug|Any CPU.ActiveCfg = Debug|Any CPU
		{B69FA5A1-108F-45A0-9A6E-B7ABD055B781}.Debug|Any CPU.Build.0 = Debug|Any CPU
		{B69FA5A1-108F-45A0-9A6E-B7ABD055B781}.Release|Any CPU.ActiveCfg = Release|Any CPU
		{B69FA5A1-108F-45A0-9A6E-B7ABD055B781}.Release|Any CPU.Build.0 = Release|Any CPU
	EndGlobalSection
	GlobalSection(SolutionProperties) = preSolution
		HideSolutionNode = FALSE
	EndGlobalSection
	GlobalSection(ExtensibilityGlobals) = postSolution
		SolutionGuid = {4A4F499B-92B4-4E9F-B009-FB1983A6F420}
	EndGlobalSection
EndGlobal
