
Microsoft Visual Studio Solution File, Format Version 12.00
# Visual Studio 15
VisualStudioVersion = 15.0.28010.2019
MinimumVisualStudioVersion = 10.0.40219.1
Project("{FAE04EC0-301F-11D3-BF4B-00C04F79EFBC}") = "exe1", "exe1\exe1.csproj", "{2AB9CF0B-27FD-44C0-B38B-551324F3A9E2}"
EndProject
Global
	GlobalSection(SolutionConfigurationPlatforms) = preSolution
		Debug|Any CPU = Debug|Any CPU
		Release|Any CPU = Release|Any CPU
	EndGlobalSection
	GlobalSection(ProjectConfigurationPlatforms) = postSolution
		{2AB9CF0B-27FD-44C0-B38B-551324F3A9E2}.Debug|Any CPU.ActiveCfg = Debug|Any CPU
		{2AB9CF0B-27FD-44C0-B38B-551324F3A9E2}.Debug|Any CPU.Build.0 = Debug|Any CPU
		{2AB9CF0B-27FD-44C0-B38B-551324F3A9E2}.Release|Any CPU.ActiveCfg = Release|Any CPU
		{2AB9CF0B-27FD-44C0-B38B-551324F3A9E2}.Release|Any CPU.Build.0 = Release|Any CPU
	EndGlobalSection
	GlobalSection(SolutionProperties) = preSolution
		HideSolutionNode = FALSE
	EndGlobalSection
	GlobalSection(ExtensibilityGlobals) = postSolution
		SolutionGuid = {DD057FEF-617D-46C3-9491-9D0B5CAF5EE5}
	EndGlobalSection
EndGlobal
