
Microsoft Visual Studio Solution File, Format Version 12.00
# Visual Studio 15
VisualStudioVersion = 15.0.28010.2019
MinimumVisualStudioVersion = 10.0.40219.1
Project("{FAE04EC0-301F-11D3-BF4B-00C04F79EFBC}") = "exe1", "exe1\exe1.csproj", "{C0B81E0E-3E5D-4DE2-BE2C-B68FBFCE28C0}"
EndProject
Project("{FAE04EC0-301F-11D3-BF4B-00C04F79EFBC}") = "exe2", "exe2\exe2.csproj", "{3B2617BD-AF3D-4A50-9D34-358E17F4118D}"
EndProject
Global
	GlobalSection(SolutionConfigurationPlatforms) = preSolution
		Debug|Any CPU = Debug|Any CPU
		Release|Any CPU = Release|Any CPU
	EndGlobalSection
	GlobalSection(ProjectConfigurationPlatforms) = postSolution
		{C0B81E0E-3E5D-4DE2-BE2C-B68FBFCE28C0}.Debug|Any CPU.ActiveCfg = Debug|Any CPU
		{C0B81E0E-3E5D-4DE2-BE2C-B68FBFCE28C0}.Debug|Any CPU.Build.0 = Debug|Any CPU
		{C0B81E0E-3E5D-4DE2-BE2C-B68FBFCE28C0}.Release|Any CPU.ActiveCfg = Release|Any CPU
		{C0B81E0E-3E5D-4DE2-BE2C-B68FBFCE28C0}.Release|Any CPU.Build.0 = Release|Any CPU
		{3B2617BD-AF3D-4A50-9D34-358E17F4118D}.Debug|Any CPU.ActiveCfg = Debug|Any CPU
		{3B2617BD-AF3D-4A50-9D34-358E17F4118D}.Debug|Any CPU.Build.0 = Debug|Any CPU
		{3B2617BD-AF3D-4A50-9D34-358E17F4118D}.Release|Any CPU.ActiveCfg = Release|Any CPU
		{3B2617BD-AF3D-4A50-9D34-358E17F4118D}.Release|Any CPU.Build.0 = Release|Any CPU
	EndGlobalSection
	GlobalSection(SolutionProperties) = preSolution
		HideSolutionNode = FALSE
	EndGlobalSection
	GlobalSection(ExtensibilityGlobals) = postSolution
		SolutionGuid = {E4EB38C8-AA26-45C7-998A-CDB6E7E9F03F}
	EndGlobalSection
EndGlobal
